// !$*UTF8*$!
{
	archiveVersion = 1;
	classes = {
	};
	objectVersion = 46;
	objects = {

/* Begin PBXBuildFile section */
		279165E21B2B64C60050901B /* Bullish-24.png in Resources */ = {isa = PBXBuildFile; fileRef = 279165E01B2B64C60050901B /* Bullish-24.png */; };
		279165E31B2B64C60050901B /* Clock-24.png in Resources */ = {isa = PBXBuildFile; fileRef = 279165E11B2B64C60050901B /* Clock-24.png */; };
		279200FC1B289B810054269A /* CommentViewController.m in Sources */ = {isa = PBXBuildFile; fileRef = 279200FB1B289B810054269A /* CommentViewController.m */; };
		279200FF1B28ABF70054269A /* ThemeManager.m in Sources */ = {isa = PBXBuildFile; fileRef = 279200FE1B28ABF70054269A /* ThemeManager.m */; };
		279201061B28ADB00054269A /* redTheme.plist in Resources */ = {isa = PBXBuildFile; fileRef = 279201051B28ADB00054269A /* redTheme.plist */; };
		279201081B28C1BA0054269A /* greenTheme.plist in Resources */ = {isa = PBXBuildFile; fileRef = 279201071B28C1BA0054269A /* greenTheme.plist */; };
		2792010B1B28C5F70054269A /* ColorChoiceViewControllerTableViewController.m in Sources */ = {isa = PBXBuildFile; fileRef = 2792010A1B28C5F70054269A /* ColorChoiceViewControllerTableViewController.m */; };
		2792010E1B29F99E0054269A /* CommentCell.m in Sources */ = {isa = PBXBuildFile; fileRef = 2792010D1B29F99E0054269A /* CommentCell.m */; };
		279201111B29F9C00054269A /* Comment.m in Sources */ = {isa = PBXBuildFile; fileRef = 279201101B29F9C00054269A /* Comment.m */; };
		27BA553C1B25CDA100728F2A /* main.m in Sources */ = {isa = PBXBuildFile; fileRef = 27BA553B1B25CDA100728F2A /* main.m */; };
		27BA553F1B25CDA100728F2A /* AppDelegate.m in Sources */ = {isa = PBXBuildFile; fileRef = 27BA553E1B25CDA100728F2A /* AppDelegate.m */; };
		27BA55421B25CDA100728F2A /* MasterViewController.m in Sources */ = {isa = PBXBuildFile; fileRef = 27BA55411B25CDA100728F2A /* MasterViewController.m */; };
		27BA55451B25CDA100728F2A /* DetailViewController.m in Sources */ = {isa = PBXBuildFile; fileRef = 27BA55441B25CDA100728F2A /* DetailViewController.m */; };
		27BA55481B25CDA100728F2A /* Main.storyboard in Resources */ = {isa = PBXBuildFile; fileRef = 27BA55461B25CDA100728F2A /* Main.storyboard */; };
		27BA554A1B25CDA100728F2A /* Images.xcassets in Resources */ = {isa = PBXBuildFile; fileRef = 27BA55491B25CDA100728F2A /* Images.xcassets */; };
		27BA554D1B25CDA100728F2A /* LaunchScreen.xib in Resources */ = {isa = PBXBuildFile; fileRef = 27BA554B1B25CDA100728F2A /* LaunchScreen.xib */; };
		27BA55591B25CDA100728F2A /* HackerNewsTests.m in Sources */ = {isa = PBXBuildFile; fileRef = 27BA55581B25CDA100728F2A /* HackerNewsTests.m */; };
		27BA55641B25D05000728F2A /* StoryCell.m in Sources */ = {isa = PBXBuildFile; fileRef = 27BA55631B25D05000728F2A /* StoryCell.m */; };
		27BA556A1B25ED1000728F2A /* Story.m in Sources */ = {isa = PBXBuildFile; fileRef = 27BA55691B25ED1000728F2A /* Story.m */; };
		27D3F8211B2F497400E36800 /* ColorUtil.m in Sources */ = {isa = PBXBuildFile; fileRef = 27D3F8201B2F497400E36800 /* ColorUtil.m */; };
		27D3F8251B2F4A5A00E36800 /* HackerNewsAPI.m in Sources */ = {isa = PBXBuildFile; fileRef = 27D3F8241B2F4A5A00E36800 /* HackerNewsAPI.m */; };
		27D3F82B1B2F679E00E36800 /* MasterViewModel.m in Sources */ = {isa = PBXBuildFile; fileRef = 27D3F82A1B2F679E00E36800 /* MasterViewModel.m */; };
		27D3F82E1B3087E700E36800 /* DetailViewModel.m in Sources */ = {isa = PBXBuildFile; fileRef = 27D3F82D1B3087E700E36800 /* DetailViewModel.m */; };
		27D3F8311B308E8C00E36800 /* CommentViewModel.m in Sources */ = {isa = PBXBuildFile; fileRef = 27D3F8301B308E8C00E36800 /* CommentViewModel.m */; };
		27D3F8341B30AC7200E36800 /* ColorChoiceViewModel.m in Sources */ = {isa = PBXBuildFile; fileRef = 27D3F8331B30AC7200E36800 /* ColorChoiceViewModel.m */; };
		27D3F8371B30B3C500E36800 /* StoryViewModel.m in Sources */ = {isa = PBXBuildFile; fileRef = 27D3F8361B30B3C500E36800 /* StoryViewModel.m */; };
/* End PBXBuildFile section */

/* Begin PBXContainerItemProxy section */
		27BA55531B25CDA100728F2A /* PBXContainerItemProxy */ = {
			isa = PBXContainerItemProxy;
			containerPortal = 27BA552E1B25CDA100728F2A /* Project object */;
			proxyType = 1;
			remoteGlobalIDString = 27BA55351B25CDA100728F2A;
			remoteInfo = HackerNews;
		};
/* End PBXContainerItemProxy section */

/* Begin PBXFileReference section */
		279165E01B2B64C60050901B /* Bullish-24.png */ = {isa = PBXFileReference; lastKnownFileType = image.png; path = "Bullish-24.png"; sourceTree = "<group>"; };
		279165E11B2B64C60050901B /* Clock-24.png */ = {isa = PBXFileReference; lastKnownFileType = image.png; path = "Clock-24.png"; sourceTree = "<group>"; };
		279200FA1B289B810054269A /* CommentViewController.h */ = {isa = PBXFileReference; fileEncoding = 4; lastKnownFileType = sourcecode.c.h; path = CommentViewController.h; sourceTree = "<group>"; };
		279200FB1B289B810054269A /* CommentViewController.m */ = {isa = PBXFileReference; fileEncoding = 4; lastKnownFileType = sourcecode.c.objc; path = CommentViewController.m; sourceTree = "<group>"; };
		279200FD1B28ABF70054269A /* ThemeManager.h */ = {isa = PBXFileReference; fileEncoding = 4; lastKnownFileType = sourcecode.c.h; path = ThemeManager.h; sourceTree = "<group>"; };
		279200FE1B28ABF70054269A /* ThemeManager.m */ = {isa = PBXFileReference; fileEncoding = 4; lastKnownFileType = sourcecode.c.objc; path = ThemeManager.m; sourceTree = "<group>"; };
		279201051B28ADB00054269A /* redTheme.plist */ = {isa = PBXFileReference; fileEncoding = 4; lastKnownFileType = text.plist.xml; name = redTheme.plist; path = Themes/redTheme.plist; sourceTree = "<group>"; };
		279201071B28C1BA0054269A /* greenTheme.plist */ = {isa = PBXFileReference; fileEncoding = 4; lastKnownFileType = text.plist.xml; name = greenTheme.plist; path = Themes/greenTheme.plist; sourceTree = "<group>"; };
		279201091B28C5F70054269A /* ColorChoiceViewControllerTableViewController.h */ = {isa = PBXFileReference; fileEncoding = 4; lastKnownFileType = sourcecode.c.h; path = ColorChoiceViewControllerTableViewController.h; sourceTree = "<group>"; };
		2792010A1B28C5F70054269A /* ColorChoiceViewControllerTableViewController.m */ = {isa = PBXFileReference; fileEncoding = 4; lastKnownFileType = sourcecode.c.objc; path = ColorChoiceViewControllerTableViewController.m; sourceTree = "<group>"; };
		2792010C1B29F99E0054269A /* CommentCell.h */ = {isa = PBXFileReference; fileEncoding = 4; lastKnownFileType = sourcecode.c.h; path = CommentCell.h; sourceTree = "<group>"; };
		2792010D1B29F99E0054269A /* CommentCell.m */ = {isa = PBXFileReference; fileEncoding = 4; lastKnownFileType = sourcecode.c.objc; path = CommentCell.m; sourceTree = "<group>"; };
		2792010F1B29F9C00054269A /* Comment.h */ = {isa = PBXFileReference; fileEncoding = 4; lastKnownFileType = sourcecode.c.h; path = Comment.h; sourceTree = "<group>"; };
		279201101B29F9C00054269A /* Comment.m */ = {isa = PBXFileReference; fileEncoding = 4; lastKnownFileType = sourcecode.c.objc; path = Comment.m; sourceTree = "<group>"; };
		27BA55361B25CDA100728F2A /* HackerNews.app */ = {isa = PBXFileReference; explicitFileType = wrapper.application; includeInIndex = 0; path = HackerNews.app; sourceTree = BUILT_PRODUCTS_DIR; };
		27BA553A1B25CDA100728F2A /* Info.plist */ = {isa = PBXFileReference; lastKnownFileType = text.plist.xml; path = Info.plist; sourceTree = "<group>"; };
		27BA553B1B25CDA100728F2A /* main.m */ = {isa = PBXFileReference; lastKnownFileType = sourcecode.c.objc; path = main.m; sourceTree = "<group>"; };
		27BA553D1B25CDA100728F2A /* AppDelegate.h */ = {isa = PBXFileReference; lastKnownFileType = sourcecode.c.h; path = AppDelegate.h; sourceTree = "<group>"; };
		27BA553E1B25CDA100728F2A /* AppDelegate.m */ = {isa = PBXFileReference; lastKnownFileType = sourcecode.c.objc; path = AppDelegate.m; sourceTree = "<group>"; };
		27BA55401B25CDA100728F2A /* MasterViewController.h */ = {isa = PBXFileReference; lastKnownFileType = sourcecode.c.h; path = MasterViewController.h; sourceTree = "<group>"; };
		27BA55411B25CDA100728F2A /* MasterViewController.m */ = {isa = PBXFileReference; lastKnownFileType = sourcecode.c.objc; path = MasterViewController.m; sourceTree = "<group>"; };
		27BA55431B25CDA100728F2A /* DetailViewController.h */ = {isa = PBXFileReference; lastKnownFileType = sourcecode.c.h; path = DetailViewController.h; sourceTree = "<group>"; };
		27BA55441B25CDA100728F2A /* DetailViewController.m */ = {isa = PBXFileReference; lastKnownFileType = sourcecode.c.objc; path = DetailViewController.m; sourceTree = "<group>"; };
		27BA55471B25CDA100728F2A /* Base */ = {isa = PBXFileReference; lastKnownFileType = file.storyboard; name = Base; path = Base.lproj/Main.storyboard; sourceTree = "<group>"; };
		27BA55491B25CDA100728F2A /* Images.xcassets */ = {isa = PBXFileReference; lastKnownFileType = folder.assetcatalog; path = Images.xcassets; sourceTree = "<group>"; };
		27BA554C1B25CDA100728F2A /* Base */ = {isa = PBXFileReference; lastKnownFileType = file.xib; name = Base; path = Base.lproj/LaunchScreen.xib; sourceTree = "<group>"; };
		27BA55521B25CDA100728F2A /* HackerNewsTests.xctest */ = {isa = PBXFileReference; explicitFileType = wrapper.cfbundle; includeInIndex = 0; path = HackerNewsTests.xctest; sourceTree = BUILT_PRODUCTS_DIR; };
		27BA55571B25CDA100728F2A /* Info.plist */ = {isa = PBXFileReference; lastKnownFileType = text.plist.xml; path = Info.plist; sourceTree = "<group>"; };
		27BA55581B25CDA100728F2A /* HackerNewsTests.m */ = {isa = PBXFileReference; lastKnownFileType = sourcecode.c.objc; path = HackerNewsTests.m; sourceTree = "<group>"; };
		27BA55621B25D05000728F2A /* StoryCell.h */ = {isa = PBXFileReference; fileEncoding = 4; lastKnownFileType = sourcecode.c.h; path = StoryCell.h; sourceTree = "<group>"; };
		27BA55631B25D05000728F2A /* StoryCell.m */ = {isa = PBXFileReference; fileEncoding = 4; lastKnownFileType = sourcecode.c.objc; path = StoryCell.m; sourceTree = "<group>"; };
		27BA55681B25ED1000728F2A /* Story.h */ = {isa = PBXFileReference; fileEncoding = 4; lastKnownFileType = sourcecode.c.h; path = Story.h; sourceTree = "<group>"; };
		27BA55691B25ED1000728F2A /* Story.m */ = {isa = PBXFileReference; fileEncoding = 4; lastKnownFileType = sourcecode.c.objc; path = Story.m; sourceTree = "<group>"; };
		27D3F81F1B2F497400E36800 /* ColorUtil.h */ = {isa = PBXFileReference; fileEncoding = 4; lastKnownFileType = sourcecode.c.h; path = ColorUtil.h; sourceTree = "<group>"; };
		27D3F8201B2F497400E36800 /* ColorUtil.m */ = {isa = PBXFileReference; fileEncoding = 4; lastKnownFileType = sourcecode.c.objc; path = ColorUtil.m; sourceTree = "<group>"; };
		27D3F8231B2F4A5A00E36800 /* HackerNewsAPI.h */ = {isa = PBXFileReference; fileEncoding = 4; lastKnownFileType = sourcecode.c.h; path = HackerNewsAPI.h; sourceTree = "<group>"; };
		27D3F8241B2F4A5A00E36800 /* HackerNewsAPI.m */ = {isa = PBXFileReference; fileEncoding = 4; lastKnownFileType = sourcecode.c.objc; path = HackerNewsAPI.m; sourceTree = "<group>"; };
		27D3F8291B2F679E00E36800 /* MasterViewModel.h */ = {isa = PBXFileReference; fileEncoding = 4; lastKnownFileType = sourcecode.c.h; path = MasterViewModel.h; sourceTree = "<group>"; };
		27D3F82A1B2F679E00E36800 /* MasterViewModel.m */ = {isa = PBXFileReference; fileEncoding = 4; lastKnownFileType = sourcecode.c.objc; path = MasterViewModel.m; sourceTree = "<group>"; };
		27D3F82C1B3087E700E36800 /* DetailViewModel.h */ = {isa = PBXFileReference; fileEncoding = 4; lastKnownFileType = sourcecode.c.h; path = DetailViewModel.h; sourceTree = "<group>"; };
		27D3F82D1B3087E700E36800 /* DetailViewModel.m */ = {isa = PBXFileReference; fileEncoding = 4; lastKnownFileType = sourcecode.c.objc; path = DetailViewModel.m; sourceTree = "<group>"; };
		27D3F82F1B308E8C00E36800 /* CommentViewModel.h */ = {isa = PBXFileReference; fileEncoding = 4; lastKnownFileType = sourcecode.c.h; path = CommentViewModel.h; sourceTree = "<group>"; };
		27D3F8301B308E8C00E36800 /* CommentViewModel.m */ = {isa = PBXFileReference; fileEncoding = 4; lastKnownFileType = sourcecode.c.objc; path = CommentViewModel.m; sourceTree = "<group>"; };
		27D3F8321B30AC7200E36800 /* ColorChoiceViewModel.h */ = {isa = PBXFileReference; fileEncoding = 4; lastKnownFileType = sourcecode.c.h; path = ColorChoiceViewModel.h; sourceTree = "<group>"; };
		27D3F8331B30AC7200E36800 /* ColorChoiceViewModel.m */ = {isa = PBXFileReference; fileEncoding = 4; lastKnownFileType = sourcecode.c.objc; path = ColorChoiceViewModel.m; sourceTree = "<group>"; };
		27D3F8351B30B3C500E36800 /* StoryViewModel.h */ = {isa = PBXFileReference; fileEncoding = 4; lastKnownFileType = sourcecode.c.h; path = StoryViewModel.h; sourceTree = "<group>"; };
		27D3F8361B30B3C500E36800 /* StoryViewModel.m */ = {isa = PBXFileReference; fileEncoding = 4; lastKnownFileType = sourcecode.c.objc; path = StoryViewModel.m; sourceTree = "<group>"; };
/* End PBXFileReference section */

/* Begin PBXFrameworksBuildPhase section */
		27BA55331B25CDA100728F2A /* Frameworks */ = {
			isa = PBXFrameworksBuildPhase;
			buildActionMask = 2147483647;
			files = (
			);
			runOnlyForDeploymentPostprocessing = 0;
		};
		27BA554F1B25CDA100728F2A /* Frameworks */ = {
			isa = PBXFrameworksBuildPhase;
			buildActionMask = 2147483647;
			files = (
			);
			runOnlyForDeploymentPostprocessing = 0;
		};
/* End PBXFrameworksBuildPhase section */

/* Begin PBXGroup section */
		27BA552D1B25CDA100728F2A = {
			isa = PBXGroup;
			children = (
				27BA55381B25CDA100728F2A /* HackerNews */,
				27BA55551B25CDA100728F2A /* HackerNewsTests */,
				27BA55371B25CDA100728F2A /* Products */,
			);
			sourceTree = "<group>";
		};
		27BA55371B25CDA100728F2A /* Products */ = {
			isa = PBXGroup;
			children = (
				27BA55361B25CDA100728F2A /* HackerNews.app */,
				27BA55521B25CDA100728F2A /* HackerNewsTests.xctest */,
			);
			name = Products;
			sourceTree = "<group>";
		};
		27BA55381B25CDA100728F2A /* HackerNews */ = {
			isa = PBXGroup;
			children = (
				27BA553D1B25CDA100728F2A /* AppDelegate.h */,
				27BA553E1B25CDA100728F2A /* AppDelegate.m */,
				27D3F8221B2F4A3E00E36800 /* API */,
				27D3F81E1B2F483600E36800 /* Helpers */,
				27D3F81A1B2F46AB00E36800 /* Scenes */,
				27D3F8181B2F460D00E36800 /* Models */,
				27D3F8191B2F461800E36800 /* StoryBoards */,
				27BA55491B25CDA100728F2A /* Images.xcassets */,
				27BA554B1B25CDA100728F2A /* LaunchScreen.xib */,
				27BA55391B25CDA100728F2A /* Supporting Files */,
			);
			path = HackerNews;
			sourceTree = "<group>";
		};
		27BA55391B25CDA100728F2A /* Supporting Files */ = {
			isa = PBXGroup;
			children = (
				279165E01B2B64C60050901B /* Bullish-24.png */,
				279165E11B2B64C60050901B /* Clock-24.png */,
				279201051B28ADB00054269A /* redTheme.plist */,
				279201071B28C1BA0054269A /* greenTheme.plist */,
				27BA553A1B25CDA100728F2A /* Info.plist */,
				27BA553B1B25CDA100728F2A /* main.m */,
			);
			name = "Supporting Files";
			sourceTree = "<group>";
		};
		27BA55551B25CDA100728F2A /* HackerNewsTests */ = {
			isa = PBXGroup;
			children = (
				27BA55581B25CDA100728F2A /* HackerNewsTests.m */,
				27BA55561B25CDA100728F2A /* Supporting Files */,
			);
			path = HackerNewsTests;
			sourceTree = "<group>";
		};
		27BA55561B25CDA100728F2A /* Supporting Files */ = {
			isa = PBXGroup;
			children = (
				27BA55571B25CDA100728F2A /* Info.plist */,
			);
			name = "Supporting Files";
			sourceTree = "<group>";
		};
		27D3F8181B2F460D00E36800 /* Models */ = {
			isa = PBXGroup;
			children = (
				2792010F1B29F9C00054269A /* Comment.h */,
				279201101B29F9C00054269A /* Comment.m */,
				27BA55681B25ED1000728F2A /* Story.h */,
				27BA55691B25ED1000728F2A /* Story.m */,
			);
			name = Models;
			sourceTree = "<group>";
		};
		27D3F8191B2F461800E36800 /* StoryBoards */ = {
			isa = PBXGroup;
			children = (
				27BA55461B25CDA100728F2A /* Main.storyboard */,
			);
			name = StoryBoards;
			sourceTree = "<group>";
		};
		27D3F81A1B2F46AB00E36800 /* Scenes */ = {
			isa = PBXGroup;
			children = (
				27D3F81B1B2F472300E36800 /* View Controllers */,
				27D3F81D1B2F474800E36800 /* View Models */,
				27D3F81C1B2F473400E36800 /* Views */,
			);
			name = Scenes;
			sourceTree = "<group>";
		};
		27D3F81B1B2F472300E36800 /* View Controllers */ = {
			isa = PBXGroup;
			children = (
				27BA55401B25CDA100728F2A /* MasterViewController.h */,
				27BA55411B25CDA100728F2A /* MasterViewController.m */,
				27BA55431B25CDA100728F2A /* DetailViewController.h */,
				27BA55441B25CDA100728F2A /* DetailViewController.m */,
				279200FA1B289B810054269A /* CommentViewController.h */,
				279200FB1B289B810054269A /* CommentViewController.m */,
				279201091B28C5F70054269A /* ColorChoiceViewControllerTableViewController.h */,
				2792010A1B28C5F70054269A /* ColorChoiceViewControllerTableViewController.m */,
			);
			name = "View Controllers";
			sourceTree = "<group>";
		};
		27D3F81C1B2F473400E36800 /* Views */ = {
			isa = PBXGroup;
			children = (
				2792010C1B29F99E0054269A /* CommentCell.h */,
				2792010D1B29F99E0054269A /* CommentCell.m */,
				27BA55621B25D05000728F2A /* StoryCell.h */,
				27BA55631B25D05000728F2A /* StoryCell.m */,
			);
			name = Views;
			sourceTree = "<group>";
		};
		27D3F81D1B2F474800E36800 /* View Models */ = {
			isa = PBXGroup;
			children = (
				27D3F8291B2F679E00E36800 /* MasterViewModel.h */,
				27D3F82A1B2F679E00E36800 /* MasterViewModel.m */,
				27D3F82C1B3087E700E36800 /* DetailViewModel.h */,
				27D3F82D1B3087E700E36800 /* DetailViewModel.m */,
				27D3F82F1B308E8C00E36800 /* CommentViewModel.h */,
				27D3F8301B308E8C00E36800 /* CommentViewModel.m */,
				27D3F8321B30AC7200E36800 /* ColorChoiceViewModel.h */,
				27D3F8331B30AC7200E36800 /* ColorChoiceViewModel.m */,
				27D3F8351B30B3C500E36800 /* StoryViewModel.h */,
				27D3F8361B30B3C500E36800 /* StoryViewModel.m */,
			);
			name = "View Models";
			sourceTree = "<group>";
		};
		27D3F81E1B2F483600E36800 /* Helpers */ = {
			isa = PBXGroup;
			children = (
				279200FD1B28ABF70054269A /* ThemeManager.h */,
				279200FE1B28ABF70054269A /* ThemeManager.m */,
				27D3F81F1B2F497400E36800 /* ColorUtil.h */,
				27D3F8201B2F497400E36800 /* ColorUtil.m */,
			);
			name = Helpers;
			sourceTree = "<group>";
		};
		27D3F8221B2F4A3E00E36800 /* API */ = {
			isa = PBXGroup;
			children = (
				27D3F8231B2F4A5A00E36800 /* HackerNewsAPI.h */,
				27D3F8241B2F4A5A00E36800 /* HackerNewsAPI.m */,
			);
			name = API;
			sourceTree = "<group>";
		};
/* End PBXGroup section */

/* Begin PBXNativeTarget section */
		27BA55351B25CDA100728F2A /* HackerNews */ = {
			isa = PBXNativeTarget;
			buildConfigurationList = 27BA555C1B25CDA100728F2A /* Build configuration list for PBXNativeTarget "HackerNews" */;
			buildPhases = (
				27BA55321B25CDA100728F2A /* Sources */,
				27BA55331B25CDA100728F2A /* Frameworks */,
				27BA55341B25CDA100728F2A /* Resources */,
			);
			buildRules = (
			);
			dependencies = (
			);
			name = HackerNews;
			productName = HackerNews;
			productReference = 27BA55361B25CDA100728F2A /* HackerNews.app */;
			productType = "com.apple.product-type.application";
		};
		27BA55511B25CDA100728F2A /* HackerNewsTests */ = {
			isa = PBXNativeTarget;
			buildConfigurationList = 27BA555F1B25CDA100728F2A /* Build configuration list for PBXNativeTarget "HackerNewsTests" */;
			buildPhases = (
				27BA554E1B25CDA100728F2A /* Sources */,
				27BA554F1B25CDA100728F2A /* Frameworks */,
				27BA55501B25CDA100728F2A /* Resources */,
			);
			buildRules = (
			);
			dependencies = (
				27BA55541B25CDA100728F2A /* PBXTargetDependency */,
			);
			name = HackerNewsTests;
			productName = HackerNewsTests;
			productReference = 27BA55521B25CDA100728F2A /* HackerNewsTests.xctest */;
			productType = "com.apple.product-type.bundle.unit-test";
		};
/* End PBXNativeTarget section */

/* Begin PBXProject section */
		27BA552E1B25CDA100728F2A /* Project object */ = {
			isa = PBXProject;
			attributes = {
				LastUpgradeCheck = 0630;
				ORGANIZATIONNAME = "Michael McKinney";
				TargetAttributes = {
					27BA55351B25CDA100728F2A = {
						CreatedOnToolsVersion = 6.3.2;
						DevelopmentTeam = FX46JB7V65;
					};
					27BA55511B25CDA100728F2A = {
						CreatedOnToolsVersion = 6.3.2;
						TestTargetID = 27BA55351B25CDA100728F2A;
					};
				};
			};
			buildConfigurationList = 27BA55311B25CDA100728F2A /* Build configuration list for PBXProject "HackerNews" */;
			compatibilityVersion = "Xcode 3.2";
			developmentRegion = English;
			hasScannedForEncodings = 0;
			knownRegions = (
				en,
				Base,
			);
			mainGroup = 27BA552D1B25CDA100728F2A;
			productRefGroup = 27BA55371B25CDA100728F2A /* Products */;
			projectDirPath = "";
			projectRoot = "";
			targets = (
				27BA55351B25CDA100728F2A /* HackerNews */,
				27BA55511B25CDA100728F2A /* HackerNewsTests */,
			);
		};
/* End PBXProject section */

/* Begin PBXResourcesBuildPhase section */
		27BA55341B25CDA100728F2A /* Resources */ = {
			isa = PBXResourcesBuildPhase;
			buildActionMask = 2147483647;
			files = (
				279201081B28C1BA0054269A /* greenTheme.plist in Resources */,
				27BA55481B25CDA100728F2A /* Main.storyboard in Resources */,
				27BA554D1B25CDA100728F2A /* LaunchScreen.xib in Resources */,
				279165E21B2B64C60050901B /* Bullish-24.png in Resources */,
				279201061B28ADB00054269A /* redTheme.plist in Resources */,
				279165E31B2B64C60050901B /* Clock-24.png in Resources */,
				27BA554A1B25CDA100728F2A /* Images.xcassets in Resources */,
			);
			runOnlyForDeploymentPostprocessing = 0;
		};
		27BA55501B25CDA100728F2A /* Resources */ = {
			isa = PBXResourcesBuildPhase;
			buildActionMask = 2147483647;
			files = (
			);
			runOnlyForDeploymentPostprocessing = 0;
		};
/* End PBXResourcesBuildPhase section */

/* Begin PBXSourcesBuildPhase section */
		27BA55321B25CDA100728F2A /* Sources */ = {
			isa = PBXSourcesBuildPhase;
			buildActionMask = 2147483647;
			files = (
				27BA553F1B25CDA100728F2A /* AppDelegate.m in Sources */,
				27D3F8251B2F4A5A00E36800 /* HackerNewsAPI.m in Sources */,
				27BA55641B25D05000728F2A /* StoryCell.m in Sources */,
				279200FC1B289B810054269A /* CommentViewController.m in Sources */,
				27D3F82E1B3087E700E36800 /* DetailViewModel.m in Sources */,
				27D3F82B1B2F679E00E36800 /* MasterViewModel.m in Sources */,
				27D3F8371B30B3C500E36800 /* StoryViewModel.m in Sources */,
				279201111B29F9C00054269A /* Comment.m in Sources */,
				27BA55421B25CDA100728F2A /* MasterViewController.m in Sources */,
				27BA556A1B25ED1000728F2A /* Story.m in Sources */,
				27BA553C1B25CDA100728F2A /* main.m in Sources */,
				27BA55451B25CDA100728F2A /* DetailViewController.m in Sources */,
				2792010E1B29F99E0054269A /* CommentCell.m in Sources */,
				27D3F8341B30AC7200E36800 /* ColorChoiceViewModel.m in Sources */,
				27D3F8311B308E8C00E36800 /* CommentViewModel.m in Sources */,
				279200FF1B28ABF70054269A /* ThemeManager.m in Sources */,
				2792010B1B28C5F70054269A /* ColorChoiceViewControllerTableViewController.m in Sources */,
				27D3F8211B2F497400E36800 /* ColorUtil.m in Sources */,
			);
			runOnlyForDeploymentPostprocessing = 0;
		};
		27BA554E1B25CDA100728F2A /* Sources */ = {
			isa = PBXSourcesBuildPhase;
			buildActionMask = 2147483647;
			files = (
				27BA55591B25CDA100728F2A /* HackerNewsTests.m in Sources */,
			);
			runOnlyForDeploymentPostprocessing = 0;
		};
/* End PBXSourcesBuildPhase section */

/* Begin PBXTargetDependency section */
		27BA55541B25CDA100728F2A /* PBXTargetDependency */ = {
			isa = PBXTargetDependency;
			target = 27BA55351B25CDA100728F2A /* HackerNews */;
			targetProxy = 27BA55531B25CDA100728F2A /* PBXContainerItemProxy */;
		};
/* End PBXTargetDependency section */

/* Begin PBXVariantGroup section */
		27BA55461B25CDA100728F2A /* Main.storyboard */ = {
			isa = PBXVariantGroup;
			children = (
				27BA55471B25CDA100728F2A /* Base */,
			);
			name = Main.storyboard;
			sourceTree = "<group>";
		};
		27BA554B1B25CDA100728F2A /* LaunchScreen.xib */ = {
			isa = PBXVariantGroup;
			children = (
				27BA554C1B25CDA100728F2A /* Base */,
			);
			name = LaunchScreen.xib;
			sourceTree = "<group>";
		};
/* End PBXVariantGroup section */

/* Begin XCBuildConfiguration section */
		27BA555A1B25CDA100728F2A /* Debug */ = {
			isa = XCBuildConfiguration;
			buildSettings = {
				ALWAYS_SEARCH_USER_PATHS = NO;
				CLANG_CXX_LANGUAGE_STANDARD = "gnu++0x";
				CLANG_CXX_LIBRARY = "libc++";
				CLANG_ENABLE_MODULES = YES;
				CLANG_ENABLE_OBJC_ARC = YES;
				CLANG_WARN_BOOL_CONVERSION = YES;
				CLANG_WARN_CONSTANT_CONVERSION = YES;
				CLANG_WARN_DIRECT_OBJC_ISA_USAGE = YES_ERROR;
				CLANG_WARN_EMPTY_BODY = YES;
				CLANG_WARN_ENUM_CONVERSION = YES;
				CLANG_WARN_INT_CONVERSION = YES;
				CLANG_WARN_OBJC_ROOT_CLASS = YES_ERROR;
				CLANG_WARN_UNREACHABLE_CODE = YES;
				CLANG_WARN__DUPLICATE_METHOD_MATCH = YES;
				"CODE_SIGN_IDENTITY[sdk=iphoneos*]" = "iPhone Developer";
				COPY_PHASE_STRIP = NO;
				DEBUG_INFORMATION_FORMAT = "dwarf-with-dsym";
				ENABLE_STRICT_OBJC_MSGSEND = YES;
				GCC_C_LANGUAGE_STANDARD = gnu99;
				GCC_DYNAMIC_NO_PIC = NO;
				GCC_NO_COMMON_BLOCKS = YES;
				GCC_OPTIMIZATION_LEVEL = 0;
				GCC_PREPROCESSOR_DEFINITIONS = (
					"DEBUG=1",
					"$(inherited)",
				);
				GCC_SYMBOLS_PRIVATE_EXTERN = NO;
				GCC_WARN_64_TO_32_BIT_CONVERSION = YES;
				GCC_WARN_ABOUT_RETURN_TYPE = YES_ERROR;
				GCC_WARN_UNDECLARED_SELECTOR = YES;
				GCC_WARN_UNINITIALIZED_AUTOS = YES_AGGRESSIVE;
				GCC_WARN_UNUSED_FUNCTION = YES;
				GCC_WARN_UNUSED_VARIABLE = YES;
				IPHONEOS_DEPLOYMENT_TARGET = 8.3;
				MTL_ENABLE_DEBUG_INFO = YES;
				ONLY_ACTIVE_ARCH = YES;
				SDKROOT = iphoneos;
				TARGETED_DEVICE_FAMILY = "1,2";
			};
			name = Debug;
		};
		27BA555B1B25CDA100728F2A /* Release */ = {
			isa = XCBuildConfiguration;
			buildSettings = {
				ALWAYS_SEARCH_USER_PATHS = NO;
				CLANG_CXX_LANGUAGE_STANDARD = "gnu++0x";
				CLANG_CXX_LIBRARY = "libc++";
				CLANG_ENABLE_MODULES = YES;
				CLANG_ENABLE_OBJC_ARC = YES;
				CLANG_WARN_BOOL_CONVERSION = YES;
				CLANG_WARN_CONSTANT_CONVERSION = YES;
				CLANG_WARN_DIRECT_OBJC_ISA_USAGE = YES_ERROR;
				CLANG_WARN_EMPTY_BODY = YES;
				CLANG_WARN_ENUM_CONVERSION = YES;
				CLANG_WARN_INT_CONVERSION = YES;
				CLANG_WARN_OBJC_ROOT_CLASS = YES_ERROR;
				CLANG_WARN_UNREACHABLE_CODE = YES;
				CLANG_WARN__DUPLICATE_METHOD_MATCH = YES;
				"CODE_SIGN_IDENTITY[sdk=iphoneos*]" = "iPhone Developer";
				COPY_PHASE_STRIP = NO;
				DEBUG_INFORMATION_FORMAT = "dwarf-with-dsym";
				ENABLE_NS_ASSERTIONS = NO;
				ENABLE_STRICT_OBJC_MSGSEND = YES;
				GCC_C_LANGUAGE_STANDARD = gnu99;
				GCC_NO_COMMON_BLOCKS = YES;
				GCC_WARN_64_TO_32_BIT_CONVERSION = YES;
				GCC_WARN_ABOUT_RETURN_TYPE = YES_ERROR;
				GCC_WARN_UNDECLARED_SELECTOR = YES;
				GCC_WARN_UNINITIALIZED_AUTOS = YES_AGGRESSIVE;
				GCC_WARN_UNUSED_FUNCTION = YES;
				GCC_WARN_UNUSED_VARIABLE = YES;
				IPHONEOS_DEPLOYMENT_TARGET = 8.3;
				MTL_ENABLE_DEBUG_INFO = NO;
				SDKROOT = iphoneos;
				TARGETED_DEVICE_FAMILY = "1,2";
				VALIDATE_PRODUCT = YES;
			};
			name = Release;
		};
		27BA555D1B25CDA100728F2A /* Debug */ = {
			isa = XCBuildConfiguration;
			buildSettings = {
				ASSETCATALOG_COMPILER_APPICON_NAME = AppIcon;
				CODE_SIGN_IDENTITY = "iPhone Developer";
				"CODE_SIGN_IDENTITY[sdk=iphoneos*]" = "iPhone Developer";
				INFOPLIST_FILE = HackerNews/Info.plist;
				LD_RUNPATH_SEARCH_PATHS = "$(inherited) @executable_path/Frameworks";
				PRODUCT_NAME = "$(TARGET_NAME)";
				PROVISIONING_PROFILE = "";
			};
			name = Debug;
		};
		27BA555E1B25CDA100728F2A /* Release */ = {
			isa = XCBuildConfiguration;
			buildSettings = {
				ASSETCATALOG_COMPILER_APPICON_NAME = AppIcon;
				CODE_SIGN_IDENTITY = "iPhone Developer";
				"CODE_SIGN_IDENTITY[sdk=iphoneos*]" = "iPhone Developer";
				INFOPLIST_FILE = HackerNews/Info.plist;
				LD_RUNPATH_SEARCH_PATHS = "$(inherited) @executable_path/Frameworks";
				PRODUCT_NAME = "$(TARGET_NAME)";
				PROVISIONING_PROFILE = "";
			};
			name = Release;
		};
		27BA55601B25CDA100728F2A /* Debug */ = {
			isa = XCBuildConfiguration;
			buildSettings = {
				BUNDLE_LOADER = "$(TEST_HOST)";
				FRAMEWORK_SEARCH_PATHS = (
					"$(SDKROOT)/Developer/Library/Frameworks",
					"$(inherited)",
				);
				GCC_PREPROCESSOR_DEFINITIONS = (
					"DEBUG=1",
					"$(inherited)",
				);
				INFOPLIST_FILE = HackerNewsTests/Info.plist;
				LD_RUNPATH_SEARCH_PATHS = "$(inherited) @executable_path/Frameworks @loader_path/Frameworks";
				PRODUCT_NAME = "$(TARGET_NAME)";
				TEST_HOST = "$(BUILT_PRODUCTS_DIR)/HackerNews.app/HackerNews";
			};
			name = Debug;
		};
		27BA55611B25CDA100728F2A /* Release */ = {
			isa = XCBuildConfiguration;
			buildSettings = {
				BUNDLE_LOADER = "$(TEST_HOST)";
				FRAMEWORK_SEARCH_PATHS = (
					"$(SDKROOT)/Developer/Library/Frameworks",
					"$(inherited)",
				);
				INFOPLIST_FILE = HackerNewsTests/Info.plist;
				LD_RUNPATH_SEARCH_PATHS = "$(inherited) @executable_path/Frameworks @loader_path/Frameworks";
				PRODUCT_NAME = "$(TARGET_NAME)";
				TEST_HOST = "$(BUILT_PRODUCTS_DIR)/HackerNews.app/HackerNews";
			};
			name = Release;
		};
/* End XCBuildConfiguration section */

/* Begin XCConfigurationList section */
		27BA55311B25CDA100728F2A /* Build configuration list for PBXProject "HackerNews" */ = {
			isa = XCConfigurationList;
			buildConfigurations = (
				27BA555A1B25CDA100728F2A /* Debug */,
				27BA555B1B25CDA100728F2A /* Release */,
			);
			defaultConfigurationIsVisible = 0;
			defaultConfigurationName = Release;
		};
		27BA555C1B25CDA100728F2A /* Build configuration list for PBXNativeTarget "HackerNews" */ = {
			isa = XCConfigurationList;
			buildConfigurations = (
				27BA555D1B25CDA100728F2A /* Debug */,
				27BA555E1B25CDA100728F2A /* Release */,
			);
			defaultConfigurationIsVisible = 0;
			defaultConfigurationName = Release;
		};
		27BA555F1B25CDA100728F2A /* Build configuration list for PBXNativeTarget "HackerNewsTests" */ = {
			isa = XCConfigurationList;
			buildConfigurations = (
				27BA55601B25CDA100728F2A /* Debug */,
				27BA55611B25CDA100728F2A /* Release */,
			);
			defaultConfigurationIsVisible = 0;
			defaultConfigurationName = Release;
		};
/* End XCConfigurationList section */
	};
	rootObject = 27BA552E1B25CDA100728F2A /* Project object */;
}
